
Microsoft Visual Studio Solution File, Format Version 12.00
# Visual Studio Version 17
VisualStudioVersion = 17.13.35913.81
MinimumVisualStudioVersion = 10.0.40219.1
Project("{FAE04EC0-301F-11D3-BF4B-00C04F79EFBC}") = "Havier Than Air S", "Havier Than Air S\Havier Than Air S.csproj", "{7CECA823-23C2-4C93-A93C-3275D6988FFC}"
EndProject
Global
	GlobalSection(SolutionConfigurationPlatforms) = preSolution
		Debug|Any CPU = Debug|Any CPU
		Debug|x64 = Debug|x64
		Release|Any CPU = Release|Any CPU
		Release|x64 = Release|x64
	EndGlobalSection
	GlobalSection(ProjectConfigurationPlatforms) = postSolution
		{7CECA823-23C2-4C93-A93C-3275D6988FFC}.Debug|Any CPU.ActiveCfg = Debug|Any CPU
		{7CECA823-23C2-4C93-A93C-3275D6988FFC}.Debug|Any CPU.Build.0 = Debug|Any CPU
		{7CECA823-23C2-4C93-A93C-3275D6988FFC}.Debug|x64.ActiveCfg = Debug|x64
		{7CECA823-23C2-4C93-A93C-3275D6988FFC}.Debug|x64.Build.0 = Debug|x64
		{7CECA823-23C2-4C93-A93C-3275D6988FFC}.Release|Any CPU.ActiveCfg = Release|Any CPU
		{7CECA823-23C2-4C93-A93C-3275D6988FFC}.Release|Any CPU.Build.0 = Release|Any CPU
		{7CECA823-23C2-4C93-A93C-3275D6988FFC}.Release|x64.ActiveCfg = Release|x64
		{7CECA823-23C2-4C93-A93C-3275D6988FFC}.Release|x64.Build.0 = Release|x64
	EndGlobalSection
	GlobalSection(SolutionProperties) = preSolution
		HideSolutionNode = FALSE
	EndGlobalSection
	GlobalSection(ExtensibilityGlobals) = postSolution
		SolutionGuid = {A91D9DD0-95F0-4AE7-AAF5-66122EB750AE}
	EndGlobalSection
EndGlobal
